
Microsoft Visual Studio Solution File, Format Version 12.00
# Visual Studio 2012
Project("{FAE04EC0-301F-11D3-BF4B-00C04F79EFBC}") = "arvMedMera", "arvMedMera\arvMedMera.csproj", "{686B6EB8-946B-4CA7-AA16-D63B1163ABDB}"
EndProject
Global
	GlobalSection(SolutionConfigurationPlatforms) = preSolution
		Debug|Any CPU = Debug|Any CPU
		Release|Any CPU = Release|Any CPU
	EndGlobalSection
	GlobalSection(ProjectConfigurationPlatforms) = postSolution
		{686B6EB8-946B-4CA7-AA16-D63B1163ABDB}.Debug|Any CPU.ActiveCfg = Debug|Any CPU
		{686B6EB8-946B-4CA7-AA16-D63B1163ABDB}.Debug|Any CPU.Build.0 = Debug|Any CPU
		{686B6EB8-946B-4CA7-AA16-D63B1163ABDB}.Release|Any CPU.ActiveCfg = Release|Any CPU
		{686B6EB8-946B-4CA7-AA16-D63B1163ABDB}.Release|Any CPU.Build.0 = Release|Any CPU
	EndGlobalSection
	GlobalSection(SolutionProperties) = preSolution
		HideSolutionNode = FALSE
	EndGlobalSection
EndGlobal
